{
  "name": "breatheeasy",
  "version": "0.1.0",
  "lockfileVersion": 3,
  "requires": true,
  "packages": {
    "": {
      "name": "breatheeasy",
      "version": "0.1.0",
      "dependencies": {
        "@vercel/postgres": "^0.8.0",
        "auth": "^1.0.2",
        "cookie": "^0.6.0",
        "cookies": "^0.9.1",
        "next": "14.2.1",
        "react": "^18",
        "react-dom": "^18",
        "victory": "^37.0.2"
      }
    },
    "node_modules/@neondatabase/serverless": {
      "version": "0.7.2",
      "resolved": "https://registry.npmjs.org/@neondatabase/serverless/-/serverless-0.7.2.tgz",
      "integrity": "sha512-wU3WA2uTyNO7wjPs3Mg0G01jztAxUxzd9/mskMmtPwPTjf7JKWi9AW5/puOGXLxmZ9PVgRFeBVRVYq5nBPhsCg==",
      "dependencies": {
        "@types/pg": "8.6.6"
      }
    },
    "node_modules/@next/env": {
      "version": "14.2.1",
      "resolved": "https://registry.npmjs.org/@next/env/-/env-14.2.1.tgz",
      "integrity": "sha512-qsHJle3GU3CmVx7pUoXcghX4sRN+vINkbLdH611T8ZlsP//grzqVW87BSUgOZeSAD4q7ZdZicdwNe/20U2janA=="
    },
    "node_modules/@next/swc-darwin-arm64": {
      "version": "14.2.1",
      "resolved": "https://registry.npmjs.org/@next/swc-darwin-arm64/-/swc-darwin-arm64-14.2.1.tgz",
      "integrity": "sha512-kGjnjcIJehEcd3rT/3NAATJQndAEELk0J9GmGMXHSC75TMnvpOhONcjNHbjtcWE5HUQnIHy5JVkatrnYm1QhVw==",
      "cpu": [
        "arm64"
      ],
      "optional": true,
      "os": [
        "darwin"
      ],
      "engines": {
        "node": ">= 10"
      }
    },
    "node_modules/@next/swc-darwin-x64": {
      "version": "14.2.1",
      "resolved": "https://registry.npmjs.org/@next/swc-darwin-x64/-/swc-darwin-x64-14.2.1.tgz",
      "integrity": "sha512-dAdWndgdQi7BK2WSXrx4lae7mYcOYjbHJUhvOUnJjMNYrmYhxbbvJ2xElZpxNxdfA6zkqagIB9He2tQk+l16ew==",
      "cpu": [
        "x64"
      ],
      "optional": true,
      "os": [
        "darwin"
      ],
      "engines": {
        "node": ">= 10"
      }
    },
    "node_modules/@next/swc-linux-arm64-gnu": {
      "version": "14.2.1",
      "resolved": "https://registry.npmjs.org/@next/swc-linux-arm64-gnu/-/swc-linux-arm64-gnu-14.2.1.tgz",
      "integrity": "sha512-2ZctfnyFOGvTkoD6L+DtQtO3BfFz4CapoHnyLTXkOxbZkVRgg3TQBUjTD/xKrO1QWeydeo8AWfZRg8539qNKrg==",
      "cpu": [
        "arm64"
      ],
      "optional": true,
      "os": [
        "linux"
      ],
      "engines": {
        "node": ">= 10"
      }
    },
    "node_modules/@next/swc-linux-arm64-musl": {
      "version": "14.2.1",
      "resolved": "https://registry.npmjs.org/@next/swc-linux-arm64-musl/-/swc-linux-arm64-musl-14.2.1.tgz",
      "integrity": "sha512-jazZXctiaanemy4r+TPIpFP36t1mMwWCKMsmrTRVChRqE6putyAxZA4PDujx0SnfvZHosjdkx9xIq9BzBB5tWg==",
      "cpu": [
        "arm64"
      ],
      "optional": true,
      "os": [
        "linux"
      ],
      "engines": {
        "node": ">= 10"
      }
    },
    "node_modules/@next/swc-linux-x64-gnu": {
      "version": "14.2.1",
      "resolved": "https://registry.npmjs.org/@next/swc-linux-x64-gnu/-/swc-linux-x64-gnu-14.2.1.tgz",
      "integrity": "sha512-VjCHWCjsAzQAAo8lkBOLEIkBZFdfW+Z18qcQ056kL4KpUYc8o59JhLDCBlhg+hINQRgzQ2UPGma2AURGOH0+Qg==",
      "cpu": [
        "x64"
      ],
      "optional": true,
      "os": [
        "linux"
      ],
      "engines": {
        "node": ">= 10"
      }
    },
    "node_modules/@next/swc-linux-x64-musl": {
      "version": "14.2.1",
      "resolved": "https://registry.npmjs.org/@next/swc-linux-x64-musl/-/swc-linux-x64-musl-14.2.1.tgz",
      "integrity": "sha512-7HZKYKvAp4nAHiHIbY04finRqjeYvkITOGOurP1aLMexIFG/1+oCnqhGogBdc4lao/lkMW1c+AkwWSzSlLasqw==",
      "cpu": [
        "x64"
      ],
      "optional": true,
      "os": [
        "linux"
      ],
      "engines": {
        "node": ">= 10"
      }
    },
    "node_modules/@next/swc-win32-arm64-msvc": {
      "version": "14.2.1",
      "resolved": "https://registry.npmjs.org/@next/swc-win32-arm64-msvc/-/swc-win32-arm64-msvc-14.2.1.tgz",
      "integrity": "sha512-YGHklaJ/Cj/F0Xd8jxgj2p8po4JTCi6H7Z3Yics3xJhm9CPIqtl8erlpK1CLv+HInDqEWfXilqatF8YsLxxA2Q==",
      "cpu": [
        "arm64"
      ],
      "optional": true,
      "os": [
        "win32"
      ],
      "engines": {
        "node": ">= 10"
      }
    },
    "node_modules/@next/swc-win32-ia32-msvc": {
      "version": "14.2.1",
      "resolved": "https://registry.npmjs.org/@next/swc-win32-ia32-msvc/-/swc-win32-ia32-msvc-14.2.1.tgz",
      "integrity": "sha512-o+ISKOlvU/L43ZhtAAfCjwIfcwuZstiHVXq/BDsZwGqQE0h/81td95MPHliWCnFoikzWcYqh+hz54ZB2FIT8RA==",
      "cpu": [
        "ia32"
      ],
      "optional": true,
      "os": [
        "win32"
      ],
      "engines": {
        "node": ">= 10"
      }
    },
    "node_modules/@next/swc-win32-x64-msvc": {
      "version": "14.2.1",
      "resolved": "https://registry.npmjs.org/@next/swc-win32-x64-msvc/-/swc-win32-x64-msvc-14.2.1.tgz",
      "integrity": "sha512-GmRoTiLcvCLifujlisknv4zu9/C4i9r0ktsA8E51EMqJL4bD4CpO7lDYr7SrUxCR0tS4RVcrqKmCak24T0ohaw==",
      "cpu": [
        "x64"
      ],
      "optional": true,
      "os": [
        "win32"
      ],
      "engines": {
        "node": ">= 10"
      }
    },
    "node_modules/@swc/counter": {
      "version": "0.1.3",
      "resolved": "https://registry.npmjs.org/@swc/counter/-/counter-0.1.3.tgz",
      "integrity": "sha512-e2BR4lsJkkRlKZ/qCHPw9ZaSxc0MVUd7gtbtaB7aMvHeJVYe8sOB8DBZkP2DtISHGSku9sCK6T6cnY0CtXrOCQ=="
    },
    "node_modules/@swc/helpers": {
      "version": "0.5.5",
      "resolved": "https://registry.npmjs.org/@swc/helpers/-/helpers-0.5.5.tgz",
      "integrity": "sha512-KGYxvIOXcceOAbEk4bi/dVLEK9z8sZ0uBB3Il5b1rhfClSpcX0yfRO0KmTkqR2cnQDymwLB+25ZyMzICg/cm/A==",
      "dependencies": {
        "@swc/counter": "^0.1.3",
        "tslib": "^2.4.0"
      }
    },
    "node_modules/@types/d3-array": {
      "version": "3.2.1",
      "resolved": "https://registry.npmjs.org/@types/d3-array/-/d3-array-3.2.1.tgz",
      "integrity": "sha512-Y2Jn2idRrLzUfAKV2LyRImR+y4oa2AntrgID95SHJxuMUrkNXmanDSed71sRNZysveJVt1hLLemQZIady0FpEg=="
    },
    "node_modules/@types/d3-color": {
      "version": "3.1.3",
      "resolved": "https://registry.npmjs.org/@types/d3-color/-/d3-color-3.1.3.tgz",
      "integrity": "sha512-iO90scth9WAbmgv7ogoq57O9YpKmFBbmoEoCHDB2xMBY0+/KVrqAaCDyCE16dUspeOvIxFFRI+0sEtqDqy2b4A=="
    },
    "node_modules/@types/d3-ease": {
      "version": "3.0.2",
      "resolved": "https://registry.npmjs.org/@types/d3-ease/-/d3-ease-3.0.2.tgz",
      "integrity": "sha512-NcV1JjO5oDzoK26oMzbILE6HW7uVXOHLQvHshBUW4UMdZGfiY6v5BeQwh9a9tCzv+CeefZQHJt5SRgK154RtiA=="
    },
    "node_modules/@types/d3-interpolate": {
      "version": "3.0.4",
      "resolved": "https://registry.npmjs.org/@types/d3-interpolate/-/d3-interpolate-3.0.4.tgz",
      "integrity": "sha512-mgLPETlrpVV1YRJIglr4Ez47g7Yxjl1lj7YKsiMCb27VJH9W8NVM6Bb9d8kkpG/uAQS5AmbA48q2IAolKKo1MA==",
      "dependencies": {
        "@types/d3-color": "*"
      }
    },
    "node_modules/@types/d3-path": {
      "version": "3.1.0",
      "resolved": "https://registry.npmjs.org/@types/d3-path/-/d3-path-3.1.0.tgz",
      "integrity": "sha512-P2dlU/q51fkOc/Gfl3Ul9kicV7l+ra934qBFXCFhrZMOL6du1TM0pm1ThYvENukyOn5h9v+yMJ9Fn5JK4QozrQ=="
    },
    "node_modules/@types/d3-scale": {
      "version": "4.0.8",
      "resolved": "https://registry.npmjs.org/@types/d3-scale/-/d3-scale-4.0.8.tgz",
      "integrity": "sha512-gkK1VVTr5iNiYJ7vWDI+yUFFlszhNMtVeneJ6lUTKPjprsvLLI9/tgEGiXJOnlINJA8FyA88gfnQsHbybVZrYQ==",
      "dependencies": {
        "@types/d3-time": "*"
      }
    },
    "node_modules/@types/d3-shape": {
      "version": "3.1.6",
      "resolved": "https://registry.npmjs.org/@types/d3-shape/-/d3-shape-3.1.6.tgz",
      "integrity": "sha512-5KKk5aKGu2I+O6SONMYSNflgiP0WfZIQvVUMan50wHsLG1G94JlxEVnCpQARfTtzytuY0p/9PXXZb3I7giofIA==",
      "dependencies": {
        "@types/d3-path": "*"
      }
    },
    "node_modules/@types/d3-time": {
      "version": "3.0.3",
      "resolved": "https://registry.npmjs.org/@types/d3-time/-/d3-time-3.0.3.tgz",
      "integrity": "sha512-2p6olUZ4w3s+07q3Tm2dbiMZy5pCDfYwtLXXHUnVzXgQlZ/OyPtUz6OL382BkOuGlLXqfT+wqv8Fw2v8/0geBw=="
    },
    "node_modules/@types/d3-timer": {
      "version": "3.0.2",
      "resolved": "https://registry.npmjs.org/@types/d3-timer/-/d3-timer-3.0.2.tgz",
      "integrity": "sha512-Ps3T8E8dZDam6fUyNiMkekK3XUsaUEik+idO9/YjPtfj2qruF8tFBXS7XhtE4iIXBLxhmLjP3SXpLhVf21I9Lw=="
    },
    "node_modules/@types/node": {
      "version": "20.12.7",
      "resolved": "https://registry.npmjs.org/@types/node/-/node-20.12.7.tgz",
      "integrity": "sha512-wq0cICSkRLVaf3UGLMGItu/PtdY7oaXaI/RVU+xliKVOtRna3PRY57ZDfztpDL0n11vfymMUnXv8QwYCO7L1wg==",
      "dependencies": {
        "undici-types": "~5.26.4"
      }
    },
    "node_modules/@types/pg": {
      "version": "8.6.6",
      "resolved": "https://registry.npmjs.org/@types/pg/-/pg-8.6.6.tgz",
      "integrity": "sha512-O2xNmXebtwVekJDD+02udOncjVcMZQuTEQEMpKJ0ZRf5E7/9JJX3izhKUcUifBkyKpljyUM6BTgy2trmviKlpw==",
      "dependencies": {
        "@types/node": "*",
        "pg-protocol": "*",
        "pg-types": "^2.2.0"
      }
    },
    "node_modules/@vercel/postgres": {
      "version": "0.8.0",
      "resolved": "https://registry.npmjs.org/@vercel/postgres/-/postgres-0.8.0.tgz",
      "integrity": "sha512-/QUV9ExwaNdKooRjOQqvrKNVnRvsaXeukPNI5DB1ovUTesglfR/fparw7ngo1KUWWKIVpEj2TRrA+ObRHRdaLg==",
      "dependencies": {
        "@neondatabase/serverless": "0.7.2",
        "bufferutil": "4.0.8",
        "utf-8-validate": "6.0.3",
        "ws": "8.14.2"
      },
      "engines": {
        "node": ">=14.6"
      }
    },
    "node_modules/auth": {
      "version": "1.0.2",
      "resolved": "https://registry.npmjs.org/auth/-/auth-1.0.2.tgz",
      "integrity": "sha512-mT+SzmDZ0uWeFS4iytIdTPQzENn0ewl+FR7cmhaMvPCK+KpHPvgIa018Jl4b3+x7VKh1C19H4BL9RXy6j3TMqA==",
      "dependencies": {
        "commander": "11.1.0"
      },
      "bin": {
        "auth": "index.js"
      }
    },
    "node_modules/bufferutil": {
      "version": "4.0.8",
      "resolved": "https://registry.npmjs.org/bufferutil/-/bufferutil-4.0.8.tgz",
      "integrity": "sha512-4T53u4PdgsXqKaIctwF8ifXlRTTmEPJ8iEPWFdGZvcf7sbwYo6FKFEX9eNNAnzFZ7EzJAQ3CJeOtCRA4rDp7Pw==",
      "hasInstallScript": true,
      "dependencies": {
        "node-gyp-build": "^4.3.0"
      },
      "engines": {
        "node": ">=6.14.2"
      }
    },
    "node_modules/busboy": {
      "version": "1.6.0",
      "resolved": "https://registry.npmjs.org/busboy/-/busboy-1.6.0.tgz",
      "integrity": "sha512-8SFQbg/0hQ9xy3UNTB0YEnsNBbWfhf7RtnzpL7TkBiTBRfrQ9Fxcnz7VJsleJpyp6rVLvXiuORqjlHi5q+PYuA==",
      "dependencies": {
        "streamsearch": "^1.1.0"
      },
      "engines": {
        "node": ">=10.16.0"
      }
    },
    "node_modules/caniuse-lite": {
      "version": "1.0.30001609",
      "resolved": "https://registry.npmjs.org/caniuse-lite/-/caniuse-lite-1.0.30001609.tgz",
      "integrity": "sha512-JFPQs34lHKx1B5t1EpQpWH4c+29zIyn/haGsbpfq3suuV9v56enjFt23zqijxGTMwy1p/4H2tjnQMY+p1WoAyA==",
      "funding": [
        {
          "type": "opencollective",
          "url": "https://opencollective.com/browserslist"
        },
        {
          "type": "tidelift",
          "url": "https://tidelift.com/funding/github/npm/caniuse-lite"
        },
        {
          "type": "github",
          "url": "https://github.com/sponsors/ai"
        }
      ]
    },
    "node_modules/client-only": {
      "version": "0.0.1",
      "resolved": "https://registry.npmjs.org/client-only/-/client-only-0.0.1.tgz",
      "integrity": "sha512-IV3Ou0jSMzZrd3pZ48nLkT9DA7Ag1pnPzaiQhpW7c3RbcqqzvzzVu+L8gfqMp/8IM2MQtSiqaCxrrcfu8I8rMA=="
    },
    "node_modules/commander": {
      "version": "11.1.0",
      "resolved": "https://registry.npmjs.org/commander/-/commander-11.1.0.tgz",
      "integrity": "sha512-yPVavfyCcRhmorC7rWlkHn15b4wDVgVmBA7kV4QVBsF7kv/9TKJAbAXVTxvTnwP8HHKjRCJDClKbciiYS7p0DQ==",
      "engines": {
        "node": ">=16"
      }
    },
    "node_modules/cookie": {
      "version": "0.6.0",
      "resolved": "https://registry.npmjs.org/cookie/-/cookie-0.6.0.tgz",
      "integrity": "sha512-U71cyTamuh1CRNCfpGY6to28lxvNwPG4Guz/EVjgf3Jmzv0vlDp1atT9eS5dDjMYHucpHbWns6Lwf3BKz6svdw==",
      "engines": {
        "node": ">= 0.6"
      }
    },
    "node_modules/cookies": {
      "version": "0.9.1",
      "resolved": "https://registry.npmjs.org/cookies/-/cookies-0.9.1.tgz",
      "integrity": "sha512-TG2hpqe4ELx54QER/S3HQ9SRVnQnGBtKUz5bLQWtYAQ+o6GpgMs6sYUvaiJjVxb+UXwhRhAEP3m7LbsIZ77Hmw==",
      "dependencies": {
        "depd": "~2.0.0",
        "keygrip": "~1.1.0"
      },
      "engines": {
        "node": ">= 0.8"
      }
    },
    "node_modules/d3-array": {
      "version": "3.2.4",
      "resolved": "https://registry.npmjs.org/d3-array/-/d3-array-3.2.4.tgz",
      "integrity": "sha512-tdQAmyA18i4J7wprpYq8ClcxZy3SC31QMeByyCFyRt7BVHdREQZ5lpzoe5mFEYZUWe+oq8HBvk9JjpibyEV4Jg==",
      "dependencies": {
        "internmap": "1 - 2"
      },
      "engines": {
        "node": ">=12"
      }
    },
    "node_modules/d3-color": {
      "version": "3.1.0",
      "resolved": "https://registry.npmjs.org/d3-color/-/d3-color-3.1.0.tgz",
      "integrity": "sha512-zg/chbXyeBtMQ1LbD/WSoW2DpC3I0mpmPdW+ynRTj/x2DAWYrIY7qeZIHidozwV24m4iavr15lNwIwLxRmOxhA==",
      "engines": {
        "node": ">=12"
      }
    },
    "node_modules/d3-ease": {
      "version": "3.0.1",
      "resolved": "https://registry.npmjs.org/d3-ease/-/d3-ease-3.0.1.tgz",
      "integrity": "sha512-wR/XK3D3XcLIZwpbvQwQ5fK+8Ykds1ip7A2Txe0yxncXSdq1L9skcG7blcedkOX+ZcgxGAmLX1FrRGbADwzi0w==",
      "engines": {
        "node": ">=12"
      }
    },
    "node_modules/d3-format": {
      "version": "3.1.0",
      "resolved": "https://registry.npmjs.org/d3-format/-/d3-format-3.1.0.tgz",
      "integrity": "sha512-YyUI6AEuY/Wpt8KWLgZHsIU86atmikuoOmCfommt0LYHiQSPjvX2AcFc38PX0CBpr2RCyZhjex+NS/LPOv6YqA==",
      "engines": {
        "node": ">=12"
      }
    },
    "node_modules/d3-interpolate": {
      "version": "3.0.1",
      "resolved": "https://registry.npmjs.org/d3-interpolate/-/d3-interpolate-3.0.1.tgz",
      "integrity": "sha512-3bYs1rOD33uo8aqJfKP3JWPAibgw8Zm2+L9vBKEHJ2Rg+viTR7o5Mmv5mZcieN+FRYaAOWX5SJATX6k1PWz72g==",
      "dependencies": {
        "d3-color": "1 - 3"
      },
      "engines": {
        "node": ">=12"
      }
    },
    "node_modules/d3-path": {
      "version": "3.1.0",
      "resolved": "https://registry.npmjs.org/d3-path/-/d3-path-3.1.0.tgz",
      "integrity": "sha512-p3KP5HCf/bvjBSSKuXid6Zqijx7wIfNW+J/maPs+iwR35at5JCbLUT0LzF1cnjbCHWhqzQTIN2Jpe8pRebIEFQ==",
      "engines": {
        "node": ">=12"
      }
    },
    "node_modules/d3-scale": {
      "version": "4.0.2",
      "resolved": "https://registry.npmjs.org/d3-scale/-/d3-scale-4.0.2.tgz",
      "integrity": "sha512-GZW464g1SH7ag3Y7hXjf8RoUuAFIqklOAq3MRl4OaWabTFJY9PN/E1YklhXLh+OQ3fM9yS2nOkCoS+WLZ6kvxQ==",
      "dependencies": {
        "d3-array": "2.10.0 - 3",
        "d3-format": "1 - 3",
        "d3-interpolate": "1.2.0 - 3",
        "d3-time": "2.1.1 - 3",
        "d3-time-format": "2 - 4"
      },
      "engines": {
        "node": ">=12"
      }
    },
    "node_modules/d3-shape": {
      "version": "3.2.0",
      "resolved": "https://registry.npmjs.org/d3-shape/-/d3-shape-3.2.0.tgz",
      "integrity": "sha512-SaLBuwGm3MOViRq2ABk3eLoxwZELpH6zhl3FbAoJ7Vm1gofKx6El1Ib5z23NUEhF9AsGl7y+dzLe5Cw2AArGTA==",
      "dependencies": {
        "d3-path": "^3.1.0"
      },
      "engines": {
        "node": ">=12"
      }
    },
    "node_modules/d3-time": {
      "version": "3.1.0",
      "resolved": "https://registry.npmjs.org/d3-time/-/d3-time-3.1.0.tgz",
      "integrity": "sha512-VqKjzBLejbSMT4IgbmVgDjpkYrNWUYJnbCGo874u7MMKIWsILRX+OpX/gTk8MqjpT1A/c6HY2dCA77ZN0lkQ2Q==",
      "dependencies": {
        "d3-array": "2 - 3"
      },
      "engines": {
        "node": ">=12"
      }
    },
    "node_modules/d3-time-format": {
      "version": "4.1.0",
      "resolved": "https://registry.npmjs.org/d3-time-format/-/d3-time-format-4.1.0.tgz",
      "integrity": "sha512-dJxPBlzC7NugB2PDLwo9Q8JiTR3M3e4/XANkreKSUxF8vvXKqm1Yfq4Q5dl8budlunRVlUUaDUgFt7eA8D6NLg==",
      "dependencies": {
        "d3-time": "1 - 3"
      },
      "engines": {
        "node": ">=12"
      }
    },
    "node_modules/d3-timer": {
      "version": "3.0.1",
      "resolved": "https://registry.npmjs.org/d3-timer/-/d3-timer-3.0.1.tgz",
      "integrity": "sha512-ndfJ/JxxMd3nw31uyKoY2naivF+r29V+Lc0svZxe1JvvIRmi8hUsrMvdOwgS1o6uBHmiz91geQ0ylPP0aj1VUA==",
      "engines": {
        "node": ">=12"
      }
    },
    "node_modules/d3-voronoi": {
      "version": "1.1.4",
      "resolved": "https://registry.npmjs.org/d3-voronoi/-/d3-voronoi-1.1.4.tgz",
      "integrity": "sha512-dArJ32hchFsrQ8uMiTBLq256MpnZjeuBtdHpaDlYuQyjU0CVzCJl/BVW+SkszaAeH95D/8gxqAhgx0ouAWAfRg=="
    },
    "node_modules/delaunator": {
      "version": "4.0.1",
      "resolved": "https://registry.npmjs.org/delaunator/-/delaunator-4.0.1.tgz",
      "integrity": "sha512-WNPWi1IRKZfCt/qIDMfERkDp93+iZEmOxN2yy4Jg+Xhv8SLk2UTqqbe1sfiipn0and9QrE914/ihdx82Y/Giag=="
    },
    "node_modules/delaunay-find": {
      "version": "0.0.6",
      "resolved": "https://registry.npmjs.org/delaunay-find/-/delaunay-find-0.0.6.tgz",
      "integrity": "sha512-1+almjfrnR7ZamBk0q3Nhg6lqSe6Le4vL0WJDSMx4IDbQwTpUTXPjxC00lqLBT8MYsJpPCbI16sIkw9cPsbi7Q==",
      "dependencies": {
        "delaunator": "^4.0.0"
      }
    },
    "node_modules/depd": {
      "version": "2.0.0",
      "resolved": "https://registry.npmjs.org/depd/-/depd-2.0.0.tgz",
      "integrity": "sha512-g7nH6P6dyDioJogAAGprGpCtVImJhpPk/roCzdb3fIh61/s/nPsfR6onyMwkCAR/OlC3yBC0lESvUoQEAssIrw==",
      "engines": {
        "node": ">= 0.8"
      }
    },
    "node_modules/graceful-fs": {
      "version": "4.2.11",
      "resolved": "https://registry.npmjs.org/graceful-fs/-/graceful-fs-4.2.11.tgz",
      "integrity": "sha512-RbJ5/jmFcNNCcDV5o9eTnBLJ/HszWV0P73bc+Ff4nS/rJj+YaS6IGyiOL0VoBYX+l1Wrl3k63h/KrH+nhJ0XvQ=="
    },
    "node_modules/internmap": {
      "version": "2.0.3",
      "resolved": "https://registry.npmjs.org/internmap/-/internmap-2.0.3.tgz",
      "integrity": "sha512-5Hh7Y1wQbvY5ooGgPbDaL5iYLAPzMTUrjMulskHLH6wnv/A+1q5rgEaiuqEjB+oxGXIVZs1FF+R/KPN3ZSQYYg==",
      "engines": {
        "node": ">=12"
      }
    },
    "node_modules/js-tokens": {
      "version": "4.0.0",
      "resolved": "https://registry.npmjs.org/js-tokens/-/js-tokens-4.0.0.tgz",
      "integrity": "sha512-RdJUflcE3cUzKiMqQgsCu06FPu9UdIJO0beYbPhHN4k6apgJtifcoCtT9bcxOpYBtpD2kCM6Sbzg4CausW/PKQ=="
    },
    "node_modules/json-stringify-safe": {
      "version": "5.0.1",
      "resolved": "https://registry.npmjs.org/json-stringify-safe/-/json-stringify-safe-5.0.1.tgz",
      "integrity": "sha512-ZClg6AaYvamvYEE82d3Iyd3vSSIjQ+odgjaTzRuO3s7toCdFKczob2i0zCh7JE8kWn17yvAWhUVxvqGwUalsRA=="
    },
    "node_modules/keygrip": {
      "version": "1.1.0",
      "resolved": "https://registry.npmjs.org/keygrip/-/keygrip-1.1.0.tgz",
      "integrity": "sha512-iYSchDJ+liQ8iwbSI2QqsQOvqv58eJCEanyJPJi+Khyu8smkcKSFUCbPwzFcL7YVtZ6eONjqRX/38caJ7QjRAQ==",
      "dependencies": {
        "tsscmp": "1.0.6"
      },
      "engines": {
        "node": ">= 0.6"
      }
    },
    "node_modules/lodash": {
      "version": "4.17.21",
      "resolved": "https://registry.npmjs.org/lodash/-/lodash-4.17.21.tgz",
      "integrity": "sha512-v2kDEe57lecTulaDIuNTPy3Ry4gLGJ6Z1O3vE1krgXZNrsQ+LFTGHVxVjcXPs17LhbZVGedAJv8XZ1tvj5FvSg=="
    },
    "node_modules/loose-envify": {
      "version": "1.4.0",
      "resolved": "https://registry.npmjs.org/loose-envify/-/loose-envify-1.4.0.tgz",
      "integrity": "sha512-lyuxPGr/Wfhrlem2CL/UcnUc1zcqKAImBDzukY7Y5F/yQiNdko6+fRLevlw1HgMySw7f611UIY408EtxRSoK3Q==",
      "dependencies": {
        "js-tokens": "^3.0.0 || ^4.0.0"
      },
      "bin": {
        "loose-envify": "cli.js"
      }
    },
    "node_modules/nanoid": {
      "version": "3.3.7",
      "resolved": "https://registry.npmjs.org/nanoid/-/nanoid-3.3.7.tgz",
      "integrity": "sha512-eSRppjcPIatRIMC1U6UngP8XFcz8MQWGQdt1MTBQ7NaAmvXDfvNxbvWV3x2y6CdEUciCSsDHDQZbhYaB8QEo2g==",
      "funding": [
        {
          "type": "github",
          "url": "https://github.com/sponsors/ai"
        }
      ],
      "bin": {
        "nanoid": "bin/nanoid.cjs"
      },
      "engines": {
        "node": "^10 || ^12 || ^13.7 || ^14 || >=15.0.1"
      }
    },
    "node_modules/next": {
      "version": "14.2.1",
      "resolved": "https://registry.npmjs.org/next/-/next-14.2.1.tgz",
      "integrity": "sha512-SF3TJnKdH43PMkCcErLPv+x/DY1YCklslk3ZmwaVoyUfDgHKexuKlf9sEfBQ69w+ue8jQ3msLb+hSj1T19hGag==",
      "dependencies": {
        "@next/env": "14.2.1",
        "@swc/helpers": "0.5.5",
        "busboy": "1.6.0",
        "caniuse-lite": "^1.0.30001579",
        "graceful-fs": "^4.2.11",
        "postcss": "8.4.31",
        "styled-jsx": "5.1.1"
      },
      "bin": {
        "next": "dist/bin/next"
      },
      "engines": {
        "node": ">=18.17.0"
      },
      "optionalDependencies": {
        "@next/swc-darwin-arm64": "14.2.1",
        "@next/swc-darwin-x64": "14.2.1",
        "@next/swc-linux-arm64-gnu": "14.2.1",
        "@next/swc-linux-arm64-musl": "14.2.1",
        "@next/swc-linux-x64-gnu": "14.2.1",
        "@next/swc-linux-x64-musl": "14.2.1",
        "@next/swc-win32-arm64-msvc": "14.2.1",
        "@next/swc-win32-ia32-msvc": "14.2.1",
        "@next/swc-win32-x64-msvc": "14.2.1"
      },
      "peerDependencies": {
        "@opentelemetry/api": "^1.1.0",
        "@playwright/test": "^1.41.2",
        "react": "^18.2.0",
        "react-dom": "^18.2.0",
        "sass": "^1.3.0"
      },
      "peerDependenciesMeta": {
        "@opentelemetry/api": {
          "optional": true
        },
        "@playwright/test": {
          "optional": true
        },
        "sass": {
          "optional": true
        }
      }
    },
    "node_modules/node-gyp-build": {
      "version": "4.8.0",
      "resolved": "https://registry.npmjs.org/node-gyp-build/-/node-gyp-build-4.8.0.tgz",
      "integrity": "sha512-u6fs2AEUljNho3EYTJNBfImO5QTo/J/1Etd+NVdCj7qWKUSN/bSLkZwhDv7I+w/MSC6qJ4cknepkAYykDdK8og==",
      "bin": {
        "node-gyp-build": "bin.js",
        "node-gyp-build-optional": "optional.js",
        "node-gyp-build-test": "build-test.js"
      }
    },
    "node_modules/pg-int8": {
      "version": "1.0.1",
      "resolved": "https://registry.npmjs.org/pg-int8/-/pg-int8-1.0.1.tgz",
      "integrity": "sha512-WCtabS6t3c8SkpDBUlb1kjOs7l66xsGdKpIPZsg4wR+B3+u9UAum2odSsF9tnvxg80h4ZxLWMy4pRjOsFIqQpw==",
      "engines": {
        "node": ">=4.0.0"
      }
    },
    "node_modules/pg-protocol": {
      "version": "1.6.1",
      "resolved": "https://registry.npmjs.org/pg-protocol/-/pg-protocol-1.6.1.tgz",
      "integrity": "sha512-jPIlvgoD63hrEuihvIg+tJhoGjUsLPn6poJY9N5CnlPd91c2T18T/9zBtLxZSb1EhYxBRoZJtzScCaWlYLtktg=="
    },
    "node_modules/pg-types": {
      "version": "2.2.0",
      "resolved": "https://registry.npmjs.org/pg-types/-/pg-types-2.2.0.tgz",
      "integrity": "sha512-qTAAlrEsl8s4OiEQY69wDvcMIdQN6wdz5ojQiOy6YRMuynxenON0O5oCpJI6lshc6scgAY8qvJ2On/p+CXY0GA==",
      "dependencies": {
        "pg-int8": "1.0.1",
        "postgres-array": "~2.0.0",
        "postgres-bytea": "~1.0.0",
        "postgres-date": "~1.0.4",
        "postgres-interval": "^1.1.0"
      },
      "engines": {
        "node": ">=4"
      }
    },
    "node_modules/picocolors": {
      "version": "1.0.0",
      "resolved": "https://registry.npmjs.org/picocolors/-/picocolors-1.0.0.tgz",
      "integrity": "sha512-1fygroTLlHu66zi26VoTDv8yRgm0Fccecssto+MhsZ0D/DGW2sm8E8AjW7NU5VVTRt5GxbeZ5qBuJr+HyLYkjQ=="
    },
    "node_modules/postcss": {
      "version": "8.4.31",
      "resolved": "https://registry.npmjs.org/postcss/-/postcss-8.4.31.tgz",
      "integrity": "sha512-PS08Iboia9mts/2ygV3eLpY5ghnUcfLV/EXTOW1E2qYxJKGGBUtNjN76FYHnMs36RmARn41bC0AZmn+rR0OVpQ==",
      "funding": [
        {
          "type": "opencollective",
          "url": "https://opencollective.com/postcss/"
        },
        {
          "type": "tidelift",
          "url": "https://tidelift.com/funding/github/npm/postcss"
        },
        {
          "type": "github",
          "url": "https://github.com/sponsors/ai"
        }
      ],
      "dependencies": {
        "nanoid": "^3.3.6",
        "picocolors": "^1.0.0",
        "source-map-js": "^1.0.2"
      },
      "engines": {
        "node": "^10 || ^12 || >=14"
      }
    },
    "node_modules/postgres-array": {
      "version": "2.0.0",
      "resolved": "https://registry.npmjs.org/postgres-array/-/postgres-array-2.0.0.tgz",
      "integrity": "sha512-VpZrUqU5A69eQyW2c5CA1jtLecCsN2U/bD6VilrFDWq5+5UIEVO7nazS3TEcHf1zuPYO/sqGvUvW62g86RXZuA==",
      "engines": {
        "node": ">=4"
      }
    },
    "node_modules/postgres-bytea": {
      "version": "1.0.0",
      "resolved": "https://registry.npmjs.org/postgres-bytea/-/postgres-bytea-1.0.0.tgz",
      "integrity": "sha512-xy3pmLuQqRBZBXDULy7KbaitYqLcmxigw14Q5sj8QBVLqEwXfeybIKVWiqAXTlcvdvb0+xkOtDbfQMOf4lST1w==",
      "engines": {
        "node": ">=0.10.0"
      }
    },
    "node_modules/postgres-date": {
      "version": "1.0.7",
      "resolved": "https://registry.npmjs.org/postgres-date/-/postgres-date-1.0.7.tgz",
      "integrity": "sha512-suDmjLVQg78nMK2UZ454hAG+OAW+HQPZ6n++TNDUX+L0+uUlLywnoxJKDou51Zm+zTCjrCl0Nq6J9C5hP9vK/Q==",
      "engines": {
        "node": ">=0.10.0"
      }
    },
    "node_modules/postgres-interval": {
      "version": "1.2.0",
      "resolved": "https://registry.npmjs.org/postgres-interval/-/postgres-interval-1.2.0.tgz",
      "integrity": "sha512-9ZhXKM/rw350N1ovuWHbGxnGh/SNJ4cnxHiM0rxE4VN41wsg8P8zWn9hv/buK00RP4WvlOyr/RBDiptyxVbkZQ==",
      "dependencies": {
        "xtend": "^4.0.0"
      },
      "engines": {
        "node": ">=0.10.0"
      }
    },
    "node_modules/react": {
      "version": "18.2.0",
      "resolved": "https://registry.npmjs.org/react/-/react-18.2.0.tgz",
      "integrity": "sha512-/3IjMdb2L9QbBdWiW5e3P2/npwMBaU9mHCSCUzNln0ZCYbcfTsGbTJrU/kGemdH2IWmB2ioZ+zkxtmq6g09fGQ==",
      "dependencies": {
        "loose-envify": "^1.1.0"
      },
      "engines": {
        "node": ">=0.10.0"
      }
    },
    "node_modules/react-dom": {
      "version": "18.2.0",
      "resolved": "https://registry.npmjs.org/react-dom/-/react-dom-18.2.0.tgz",
      "integrity": "sha512-6IMTriUmvsjHUjNtEDudZfuDQUoWXVxKHhlEGSk81n4YFS+r/Kl99wXiwlVXtPBtJenozv2P+hxDsw9eA7Xo6g==",
      "dependencies": {
        "loose-envify": "^1.1.0",
        "scheduler": "^0.23.0"
      },
      "peerDependencies": {
        "react": "^18.2.0"
      }
    },
    "node_modules/react-fast-compare": {
      "version": "3.2.2",
      "resolved": "https://registry.npmjs.org/react-fast-compare/-/react-fast-compare-3.2.2.tgz",
      "integrity": "sha512-nsO+KSNgo1SbJqJEYRE9ERzo7YtYbou/OqjSQKxV7jcKox7+usiUVZOAC+XnDOABXggQTno0Y1CpVnuWEc1boQ=="
    },
    "node_modules/scheduler": {
      "version": "0.23.0",
      "resolved": "https://registry.npmjs.org/scheduler/-/scheduler-0.23.0.tgz",
      "integrity": "sha512-CtuThmgHNg7zIZWAXi3AsyIzA3n4xx7aNyjwC2VJldO2LMVDhFK+63xGqq6CsJH4rTAt6/M+N4GhZiDYPx9eUw==",
      "dependencies": {
        "loose-envify": "^1.1.0"
      }
    },
    "node_modules/source-map-js": {
      "version": "1.2.0",
      "resolved": "https://registry.npmjs.org/source-map-js/-/source-map-js-1.2.0.tgz",
      "integrity": "sha512-itJW8lvSA0TXEphiRoawsCksnlf8SyvmFzIhltqAHluXd88pkCd+cXJVHTDwdCr0IzwptSm035IHQktUu1QUMg==",
      "engines": {
        "node": ">=0.10.0"
      }
    },
    "node_modules/streamsearch": {
      "version": "1.1.0",
      "resolved": "https://registry.npmjs.org/streamsearch/-/streamsearch-1.1.0.tgz",
      "integrity": "sha512-Mcc5wHehp9aXz1ax6bZUyY5afg9u2rv5cqQI3mRrYkGC8rW2hM02jWuwjtL++LS5qinSyhj2QfLyNsuc+VsExg==",
      "engines": {
        "node": ">=10.0.0"
      }
    },
    "node_modules/styled-jsx": {
      "version": "5.1.1",
      "resolved": "https://registry.npmjs.org/styled-jsx/-/styled-jsx-5.1.1.tgz",
      "integrity": "sha512-pW7uC1l4mBZ8ugbiZrcIsiIvVx1UmTfw7UkC3Um2tmfUq9Bhk8IiyEIPl6F8agHgjzku6j0xQEZbfA5uSgSaCw==",
      "dependencies": {
        "client-only": "0.0.1"
      },
      "engines": {
        "node": ">= 12.0.0"
      },
      "peerDependencies": {
        "react": ">= 16.8.0 || 17.x.x || ^18.0.0-0"
      },
      "peerDependenciesMeta": {
        "@babel/core": {
          "optional": true
        },
        "babel-plugin-macros": {
          "optional": true
        }
      }
    },
    "node_modules/tslib": {
      "version": "2.6.2",
      "resolved": "https://registry.npmjs.org/tslib/-/tslib-2.6.2.tgz",
      "integrity": "sha512-AEYxH93jGFPn/a2iVAwW87VuUIkR1FVUKB77NwMF7nBTDkDrrT/Hpt/IrCJ0QXhW27jTBDcf5ZY7w6RiqTMw2Q=="
    },
    "node_modules/tsscmp": {
      "version": "1.0.6",
      "resolved": "https://registry.npmjs.org/tsscmp/-/tsscmp-1.0.6.tgz",
      "integrity": "sha512-LxhtAkPDTkVCMQjt2h6eBVY28KCjikZqZfMcC15YBeNjkgUpdCfBu5HoiOTDu86v6smE8yOjyEktJ8hlbANHQA==",
      "engines": {
        "node": ">=0.6.x"
      }
    },
    "node_modules/undici-types": {
      "version": "5.26.5",
      "resolved": "https://registry.npmjs.org/undici-types/-/undici-types-5.26.5.tgz",
      "integrity": "sha512-JlCMO+ehdEIKqlFxk6IfVoAUVmgz7cU7zD/h9XZ0qzeosSHmUJVOzSQvvYSYWXkFXC+IfLKSIffhv0sVZup6pA=="
    },
    "node_modules/utf-8-validate": {
      "version": "6.0.3",
      "resolved": "https://registry.npmjs.org/utf-8-validate/-/utf-8-validate-6.0.3.tgz",
      "integrity": "sha512-uIuGf9TWQ/y+0Lp+KGZCMuJWc3N9BHA+l/UmHd/oUHwJJDeysyTRxNQVkbzsIWfGFbRe3OcgML/i0mvVRPOyDA==",
      "hasInstallScript": true,
      "dependencies": {
        "node-gyp-build": "^4.3.0"
      },
      "engines": {
        "node": ">=6.14.2"
      }
    },
    "node_modules/victory": {
      "version": "37.0.2",
      "resolved": "https://registry.npmjs.org/victory/-/victory-37.0.2.tgz",
      "integrity": "sha512-/8qsoIJWMu11CYula+HBgjva6fu5ZO/0zJO14ZRXlI71vpMf7ga8Siakd7YIvFjWrlXPX2IFWM6jXe7bK0EKdg==",
      "dependencies": {
        "victory-area": "^37.0.2",
        "victory-axis": "^37.0.2",
        "victory-bar": "^37.0.2",
        "victory-box-plot": "^37.0.2",
        "victory-brush-container": "^37.0.2",
        "victory-brush-line": "^37.0.2",
        "victory-candlestick": "^37.0.2",
        "victory-canvas": "^37.0.2",
        "victory-chart": "^37.0.2",
        "victory-core": "^37.0.2",
        "victory-create-container": "^37.0.2",
        "victory-cursor-container": "^37.0.2",
        "victory-errorbar": "^37.0.2",
        "victory-group": "^37.0.2",
        "victory-histogram": "^37.0.2",
        "victory-legend": "^37.0.2",
        "victory-line": "^37.0.2",
        "victory-pie": "^37.0.2",
        "victory-polar-axis": "^37.0.2",
        "victory-scatter": "^37.0.2",
        "victory-selection-container": "^37.0.2",
        "victory-shared-events": "^37.0.2",
        "victory-stack": "^37.0.2",
        "victory-tooltip": "^37.0.2",
        "victory-voronoi": "^37.0.2",
        "victory-voronoi-container": "^37.0.2",
        "victory-zoom-container": "^37.0.2"
      },
      "peerDependencies": {
        "react": ">=16.6.0"
      }
    },
    "node_modules/victory-area": {
      "version": "37.0.2",
      "resolved": "https://registry.npmjs.org/victory-area/-/victory-area-37.0.2.tgz",
      "integrity": "sha512-KEuJiBg/VQq1CSQe8U1Gk1eI/sMm+Y4WGveKkx9lXvgPHqxXog2Of+j+q1ZY0bXVrb9vAlIuJHPg4Oq+UQRUYw==",
      "dependencies": {
        "lodash": "^4.17.19",
        "victory-core": "^37.0.2",
        "victory-vendor": "^37.0.2"
      },
      "peerDependencies": {
        "react": ">=16.6.0"
      }
    },
    "node_modules/victory-axis": {
      "version": "37.0.2",
      "resolved": "https://registry.npmjs.org/victory-axis/-/victory-axis-37.0.2.tgz",
      "integrity": "sha512-tmjq43m7hto7NblaJwPiSloilFIlmZ4UMt91yv0dBUlM8sexRTE8g/fAvnioTblVEec/t91sqQBoLta5VZnWIQ==",
      "dependencies": {
        "lodash": "^4.17.19",
        "victory-core": "^37.0.2"
      },
      "peerDependencies": {
        "react": ">=16.6.0"
      }
    },
    "node_modules/victory-bar": {
      "version": "37.0.2",
      "resolved": "https://registry.npmjs.org/victory-bar/-/victory-bar-37.0.2.tgz",
      "integrity": "sha512-ofezvu4NYkxaQZuLJSnQVsgQKO+869IEYZQuIvc7EtiLrVSznNygqcDrZzLJ+0q6ZxGRIJ/1cdEgaz2dS40ukQ==",
      "dependencies": {
        "lodash": "^4.17.19",
        "victory-core": "^37.0.2",
        "victory-vendor": "^37.0.2"
      },
      "peerDependencies": {
        "react": ">=16.6.0"
      }
    },
    "node_modules/victory-box-plot": {
      "version": "37.0.2",
      "resolved": "https://registry.npmjs.org/victory-box-plot/-/victory-box-plot-37.0.2.tgz",
      "integrity": "sha512-NzhxPRXues5F3Ay3JRLAnDBGrSC3940KmFHtc14F0Y+KDmwMDa15c2MBME9Rhg6SOvKL/o+jGzYX8ohE3k94kA==",
      "dependencies": {
        "lodash": "^4.17.19",
        "victory-core": "^37.0.2",
        "victory-vendor": "^37.0.2"
      },
      "peerDependencies": {
        "react": ">=16.6.0"
      }
    },
    "node_modules/victory-brush-container": {
      "version": "37.0.2",
      "resolved": "https://registry.npmjs.org/victory-brush-container/-/victory-brush-container-37.0.2.tgz",
      "integrity": "sha512-eZBarKzkGw1fM3n1FSGo5MAE7o4ZM3a87aSSRuIK4aMgGxaZkxKV4y219WCIIDeYw6U4l7T+tDXSw71XbXGG3g==",
      "dependencies": {
        "lodash": "^4.17.19",
        "react-fast-compare": "^3.2.0",
        "victory-core": "^37.0.2"
      },
      "peerDependencies": {
        "react": ">=16.6.0"
      }
    },
    "node_modules/victory-brush-line": {
      "version": "37.0.2",
      "resolved": "https://registry.npmjs.org/victory-brush-line/-/victory-brush-line-37.0.2.tgz",
      "integrity": "sha512-pPo5XiiNj33s1jdqnzs88W7B6DBI0RhUFRT4Ce5ciWpHw11aW/CvM4wa3OQhI2fiwCqmKv7v9lBiIWEKBcKgMQ==",
      "dependencies": {
        "lodash": "^4.17.19",
        "react-fast-compare": "^3.2.0",
        "victory-core": "^37.0.2"
      },
      "peerDependencies": {
        "react": ">=16.6.0"
      }
    },
    "node_modules/victory-candlestick": {
      "version": "37.0.2",
      "resolved": "https://registry.npmjs.org/victory-candlestick/-/victory-candlestick-37.0.2.tgz",
      "integrity": "sha512-Whaw1aRfWO11TGamwyonOcFHOtCxMggYEe8S+IFV8C4jrstucHEAr9BiTpqqsYjohv499bY8MfOaHEyBtETrfA==",
      "dependencies": {
        "lodash": "^4.17.19",
        "victory-core": "^37.0.2"
      },
      "peerDependencies": {
        "react": ">=16.6.0"
      }
    },
    "node_modules/victory-canvas": {
      "version": "37.0.2",
      "resolved": "https://registry.npmjs.org/victory-canvas/-/victory-canvas-37.0.2.tgz",
      "integrity": "sha512-jHOvcnoqboi9kkZw2dDObje1f5Mz4Om1xb9iGjEvNXO5n0epGgv3NXiBY7gmzTHlv3gj19AdGIsI7jaakQulOg==",
      "dependencies": {
        "lodash": "^4.17.19",
        "victory-bar": "^37.0.2",
        "victory-core": "^37.0.2"
      },
      "peerDependencies": {
        "react": ">=16.6.0"
      }
    },
    "node_modules/victory-chart": {
      "version": "37.0.2",
      "resolved": "https://registry.npmjs.org/victory-chart/-/victory-chart-37.0.2.tgz",
      "integrity": "sha512-OpNvSzypQyhyJtBYAcx+9vJZTry2HssBJVT5Yui1NrT4IcHTuw02z5Zg/RYFgADloqraA+TsVzZbJQcfD/j6MA==",
      "dependencies": {
        "lodash": "^4.17.19",
        "react-fast-compare": "^3.2.0",
        "victory-axis": "^37.0.2",
        "victory-core": "^37.0.2",
        "victory-polar-axis": "^37.0.2",
        "victory-shared-events": "^37.0.2"
      },
      "peerDependencies": {
        "react": ">=16.6.0"
      }
    },
    "node_modules/victory-core": {
      "version": "37.0.2",
      "resolved": "https://registry.npmjs.org/victory-core/-/victory-core-37.0.2.tgz",
      "integrity": "sha512-B3A3yCanjskShZTFtA1Bp8BLXniaTtjzaKHOChjCkay8oRkWjGMy0aZdCL7ezfUWVHAaFUIw248PgqApMn1K/w==",
      "dependencies": {
        "lodash": "^4.17.21",
        "react-fast-compare": "^3.2.0",
        "victory-vendor": "^37.0.2"
      },
      "peerDependencies": {
        "react": ">=16.6.0"
      }
    },
    "node_modules/victory-create-container": {
      "version": "37.0.2",
      "resolved": "https://registry.npmjs.org/victory-create-container/-/victory-create-container-37.0.2.tgz",
      "integrity": "sha512-cojSUT/TWunznM3rMlchlYZ+QdTLKHQE519ZQdomA04rKdU+rK/X+XaeMHDWZVRZHp4YrfUmR7OfOb4AHBTm7w==",
      "dependencies": {
        "lodash": "^4.17.19",
        "victory-brush-container": "^37.0.2",
        "victory-core": "^37.0.2",
        "victory-cursor-container": "^37.0.2",
        "victory-selection-container": "^37.0.2",
        "victory-voronoi-container": "^37.0.2",
        "victory-zoom-container": "^37.0.2"
      },
      "peerDependencies": {
        "react": ">=16.6.0"
      }
    },
    "node_modules/victory-cursor-container": {
      "version": "37.0.2",
      "resolved": "https://registry.npmjs.org/victory-cursor-container/-/victory-cursor-container-37.0.2.tgz",
      "integrity": "sha512-07PB8XNYi9AqnwZjCxQ6gKcJip6p2fwUT1+aHYDUAy/ncL6xBZD4t3sXErPHT3ha/itx7I861OsehDLZCjnkHA==",
      "dependencies": {
        "lodash": "^4.17.19",
        "victory-core": "^37.0.2"
      },
      "peerDependencies": {
        "react": ">=16.6.0"
      }
    },
    "node_modules/victory-errorbar": {
      "version": "37.0.2",
      "resolved": "https://registry.npmjs.org/victory-errorbar/-/victory-errorbar-37.0.2.tgz",
      "integrity": "sha512-yA4IN1Scn9de8g4q1hL9S60BzRzyG2FqrjAOpgvUaVEzkWcxIiPLLOZFdwC0/8KCnPsGFJHHnL0OMQpbq2O1nA==",
      "dependencies": {
        "lodash": "^4.17.19",
        "victory-core": "^37.0.2"
      },
      "peerDependencies": {
        "react": ">=16.6.0"
      }
    },
    "node_modules/victory-group": {
      "version": "37.0.2",
      "resolved": "https://registry.npmjs.org/victory-group/-/victory-group-37.0.2.tgz",
      "integrity": "sha512-uBU3PdndeOxE5E+LVoVnT3ciJNwlTj99Deh178AARJ3jKuuH3hJ7Fnw+tgQjQNMdRuKKxILJdddd9ouktLTJJA==",
      "dependencies": {
        "lodash": "^4.17.19",
        "react-fast-compare": "^3.2.0",
        "victory-core": "^37.0.2",
        "victory-shared-events": "^37.0.2"
      },
      "peerDependencies": {
        "react": ">=16.6.0"
      }
    },
    "node_modules/victory-histogram": {
      "version": "37.0.2",
      "resolved": "https://registry.npmjs.org/victory-histogram/-/victory-histogram-37.0.2.tgz",
      "integrity": "sha512-9y6DU2Pw1XHlNAZJCrMCxGT3++55a8KwNDgzeXePetW1pUrpa3HPDJqo8ctLu9sRP6Lkk3DAplP0SpaS948AhA==",
      "dependencies": {
        "lodash": "^4.17.19",
        "react-fast-compare": "^3.2.0",
        "victory-bar": "^37.0.2",
        "victory-core": "^37.0.2",
        "victory-vendor": "^37.0.2"
      },
      "peerDependencies": {
        "react": ">=16.6.0"
      }
    },
    "node_modules/victory-legend": {
      "version": "37.0.2",
      "resolved": "https://registry.npmjs.org/victory-legend/-/victory-legend-37.0.2.tgz",
      "integrity": "sha512-mbScaQepyvLVghyRSxsccZwpf3LTz434GuWIh5aFQcP8pTrGT+9V8Wtw6N6W/4MxHBznh1sGZbI755k+IM2oNQ==",
      "dependencies": {
        "lodash": "^4.17.19",
        "victory-core": "^37.0.2"
      },
      "peerDependencies": {
        "react": ">=16.6.0"
      }
    },
    "node_modules/victory-line": {
      "version": "37.0.2",
      "resolved": "https://registry.npmjs.org/victory-line/-/victory-line-37.0.2.tgz",
      "integrity": "sha512-b0Jj9uYGzWhA3KCbzjvraxKfP3gB+sqzaU/r2JQdICug0isGQHnng3vW40RNveEjE6CfIEHGZdylSCAbjAFhzQ==",
      "dependencies": {
        "lodash": "^4.17.19",
        "victory-core": "^37.0.2",
        "victory-vendor": "^37.0.2"
      },
      "peerDependencies": {
        "react": ">=16.6.0"
      }
    },
    "node_modules/victory-pie": {
      "version": "37.0.2",
      "resolved": "https://registry.npmjs.org/victory-pie/-/victory-pie-37.0.2.tgz",
      "integrity": "sha512-rdaL7Or5BU/368xLoe8FThekxx9ICgwmtaUc2Lt1w8uklt6S3SBMbAoL2lmr5IutZf55HYRX64vM3TGqWjD3+w==",
      "dependencies": {
        "lodash": "^4.17.19",
        "victory-core": "^37.0.2",
        "victory-vendor": "^37.0.2"
      },
      "peerDependencies": {
        "react": ">=16.6.0"
      }
    },
    "node_modules/victory-polar-axis": {
      "version": "37.0.2",
      "resolved": "https://registry.npmjs.org/victory-polar-axis/-/victory-polar-axis-37.0.2.tgz",
      "integrity": "sha512-qqIk9fFYuL9G/RzHoXB/9ZI6DkKHdfdczI2vdl2rl0KdzAcfd9Eosa9EHmnTh/9ijPJvYi++1ul1WQNRWXBVSg==",
      "dependencies": {
        "lodash": "^4.17.19",
        "victory-core": "^37.0.2"
      },
      "peerDependencies": {
        "react": ">=16.6.0"
      }
    },
    "node_modules/victory-scatter": {
      "version": "37.0.2",
      "resolved": "https://registry.npmjs.org/victory-scatter/-/victory-scatter-37.0.2.tgz",
      "integrity": "sha512-BY83Y+D3enHqPvHAt3HrEaT5ckmcj3vq3QJ28e1b6DhlbGWoS/DEmhf5OiHF+wCBSSDBOkAyq1uTXSbcHKyLXQ==",
      "dependencies": {
        "lodash": "^4.17.19",
        "victory-core": "^37.0.2"
      },
      "peerDependencies": {
        "react": ">=16.6.0"
      }
    },
    "node_modules/victory-selection-container": {
      "version": "37.0.2",
      "resolved": "https://registry.npmjs.org/victory-selection-container/-/victory-selection-container-37.0.2.tgz",
      "integrity": "sha512-HgLmGTIZNdlpZ081ZowJAoUYE69q4p9sB0h8FBKbM7xPDXfH9Eh6MZ5RIfoen9GdB4Hz0He4vQZIU5OOK3TNDQ==",
      "dependencies": {
        "lodash": "^4.17.19",
        "victory-core": "^37.0.2"
      },
      "peerDependencies": {
        "react": ">=16.6.0"
      }
    },
    "node_modules/victory-shared-events": {
      "version": "37.0.2",
      "resolved": "https://registry.npmjs.org/victory-shared-events/-/victory-shared-events-37.0.2.tgz",
      "integrity": "sha512-1U1yljfsFs3fGJmoSZt1j/ZgdV4tf2hWhue2Xixn71ZEYFBlsF6hY3gXI5EzRji1QhHa3mnar17wrgr++H+CWQ==",
      "dependencies": {
        "json-stringify-safe": "^5.0.1",
        "lodash": "^4.17.19",
        "react-fast-compare": "^3.2.0",
        "victory-core": "^37.0.2"
      },
      "peerDependencies": {
        "react": ">=16.6.0"
      }
    },
    "node_modules/victory-stack": {
      "version": "37.0.2",
      "resolved": "https://registry.npmjs.org/victory-stack/-/victory-stack-37.0.2.tgz",
      "integrity": "sha512-CbinJJxkN7WT6XJ8EWZLXiibqHGU++rKqyh95jo01U+FZ7QOu5l0qf7OxfEnmEWGLF3J5hcMEOSX22lrdtxl+A==",
      "dependencies": {
        "lodash": "^4.17.19",
        "react-fast-compare": "^3.2.0",
        "victory-core": "^37.0.2",
        "victory-shared-events": "^37.0.2"
      },
      "peerDependencies": {
        "react": ">=16.6.0"
      }
    },
    "node_modules/victory-tooltip": {
      "version": "37.0.2",
      "resolved": "https://registry.npmjs.org/victory-tooltip/-/victory-tooltip-37.0.2.tgz",
      "integrity": "sha512-UYne2i9in8bwxz0z6+kknvZbKVbMdfapQnISDBBWfmqWVHirsxNGJUFaSrHMqEBdNtTCXLd0vNhADJxIUKGtqA==",
      "dependencies": {
        "lodash": "^4.17.19",
        "victory-core": "^37.0.2"
      },
      "peerDependencies": {
        "react": ">=16.6.0"
      }
    },
    "node_modules/victory-vendor": {
      "version": "37.0.2",
      "resolved": "https://registry.npmjs.org/victory-vendor/-/victory-vendor-37.0.2.tgz",
      "integrity": "sha512-Mjs+00QR256itUM/jVqGJkAw5OADpwjQj7sOEqLqJQfnj9uuf7cPto1KCjrS5d+E6lb0mE5kYwUfzBq0BrMa8Q==",
      "dependencies": {
        "@types/d3-array": "^3.0.3",
        "@types/d3-ease": "^3.0.0",
        "@types/d3-interpolate": "^3.0.1",
        "@types/d3-scale": "^4.0.2",
        "@types/d3-shape": "^3.1.0",
        "@types/d3-time": "^3.0.0",
        "@types/d3-timer": "^3.0.0",
        "d3-array": "^3.1.6",
        "d3-ease": "^3.0.1",
        "d3-interpolate": "^3.0.1",
        "d3-scale": "^4.0.2",
        "d3-shape": "^3.1.0",
        "d3-time": "^3.0.0",
        "d3-timer": "^3.0.1"
      }
    },
    "node_modules/victory-voronoi": {
      "version": "37.0.2",
      "resolved": "https://registry.npmjs.org/victory-voronoi/-/victory-voronoi-37.0.2.tgz",
      "integrity": "sha512-YdM5Ywsj4gv5DGl52BIJEffO+ROIVUufXXjdgHRZX0adXcWVyM36sHzXmDrD4WhPH7Wiz0cX/uzYMCBhKGkU0Q==",
      "dependencies": {
        "d3-voronoi": "^1.1.4",
        "lodash": "^4.17.19",
        "victory-core": "^37.0.2"
      },
      "peerDependencies": {
        "react": ">=16.6.0"
      }
    },
    "node_modules/victory-voronoi-container": {
      "version": "37.0.2",
      "resolved": "https://registry.npmjs.org/victory-voronoi-container/-/victory-voronoi-container-37.0.2.tgz",
      "integrity": "sha512-iqx/35Rx9vMDKkHw+2xibAF8OT4MTHZk9GG7sPxnlYWoZqDSuuaqR5SmrHosDmw2oqXbj7AqG2wqfxmbMp7ZhA==",
      "dependencies": {
        "delaunay-find": "0.0.6",
        "lodash": "^4.17.19",
        "react-fast-compare": "^3.2.0",
        "victory-core": "^37.0.2",
        "victory-tooltip": "^37.0.2"
      },
      "peerDependencies": {
        "react": ">=16.6.0"
      }
    },
    "node_modules/victory-zoom-container": {
      "version": "37.0.2",
      "resolved": "https://registry.npmjs.org/victory-zoom-container/-/victory-zoom-container-37.0.2.tgz",
      "integrity": "sha512-CCTm7EgCtFKBduEgJjYTokC13sy0LmLC3Eczb967n7IZUUrIaNQsyGajW3gH5wbof4zeHSpuZghRGPUB2DVQ1Q==",
      "dependencies": {
        "lodash": "^4.17.19",
        "victory-core": "^37.0.2"
      },
      "peerDependencies": {
        "react": ">=16.6.0"
      }
    },
    "node_modules/ws": {
      "version": "8.14.2",
      "resolved": "https://registry.npmjs.org/ws/-/ws-8.14.2.tgz",
      "integrity": "sha512-wEBG1ftX4jcglPxgFCMJmZ2PLtSbJ2Peg6TmpJFTbe9GZYOQCDPdMYu/Tm0/bGZkw8paZnJY45J4K2PZrLYq8g==",
      "engines": {
        "node": ">=10.0.0"
      },
      "peerDependencies": {
        "bufferutil": "^4.0.1",
        "utf-8-validate": ">=5.0.2"
      },
      "peerDependenciesMeta": {
        "bufferutil": {
          "optional": true
        },
        "utf-8-validate": {
          "optional": true
        }
      }
    },
    "node_modules/xtend": {
      "version": "4.0.2",
      "resolved": "https://registry.npmjs.org/xtend/-/xtend-4.0.2.tgz",
      "integrity": "sha512-LKYU1iAXJXUgAXn9URjiu+MWhyUXHsvfp7mcuYm9dSUKK0/CjtrUwFAxD82/mCWbtLsGjFIad0wIsod4zrTAEQ==",
      "engines": {
        "node": ">=0.4"
      }
    }
  }
}
